<?xml version="1.0" encoding="utf-8"?>
<Project ToolsVersion="4.0" xmlns="http://schemas.microsoft.com/developer/msbuild/2003">
  <ItemGroup>
    <Filter Include="Source Files">
      <UniqueIdentifier>{4FC737F1-C7A5-4376-A066-2A32D752A2FF}</UniqueIdentifier>
      <Extensions>cpp;c;cc;cxx;def;odl;idl;hpj;bat;asm;asmx</Extensions>
    </Filter>
    <Filter Include="Header Files">
      <UniqueIdentifier>{93995380-89BD-4b04-88EB-625FBE52EBFB}</UniqueIdentifier>
      <Extensions>h;hh;hpp;hxx;hm;inl;inc;xsd</Extensions>
    </Filter>
    <Filter Include="Resource Files">
      <UniqueIdentifier>{67DA6AB6-F800-4c08-8B7A-83BB121AAD01}</UniqueIdentifier>
      <Extensions>rc;ico;cur;bmp;dlg;rc2;rct;bin;rgs;gif;jpg;jpeg;jpe;resx;tiff;tif;png;wav;mfcribbon-ms</Extensions>
    </Filter>
    <Filter Include="Header Files\login">
      <UniqueIdentifier>{f2a74322-e827-4f09-b6d1-989e2d855204}</UniqueIdentifier>
    </Filter>
    <Filter Include="Source Files\login">
      <UniqueIdentifier>{a20b7c69-3c6a-41ee-8bd3-44c809af4c68}</UniqueIdentifier>
    </Filter>
    <Filter Include="Header Files\login\generator">
      <UniqueIdentifier>{489d16de-8009-4610-a3a0-b431a8089880}</UniqueIdentifier>
    </Filter>
    <Filter Include="Source Files\login\generator">
      <UniqueIdentifier>{44c581d9-c490-4856-8bb7-920f3b3e879d}</UniqueIdentifier>
    </Filter>
    <Filter Include="Header Files\behavior">
      <UniqueIdentifier>{de528580-813c-46b1-aea6-2022d334e806}</UniqueIdentifier>
    </Filter>
    <Filter Include="Header Files\behavior\attack">
      <UniqueIdentifier>{a73ad26a-d49d-4743-b367-22afad608dcc}</UniqueIdentifier>
    </Filter>
    <Filter Include="Source Files\behavior">
      <UniqueIdentifier>{97316349-9e10-4566-8612-ba2f2c78b066}</UniqueIdentifier>
    </Filter>
    <Filter Include="Source Files\behavior\attack">
      <UniqueIdentifier>{4095a4f6-2254-45ae-8af4-3b89bd11b427}</UniqueIdentifier>
    </Filter>
  </ItemGroup>
  <ItemGroup>
    <ClCompile Include="main.cpp">
      <Filter>Source Files</Filter>
    </ClCompile>
    <ClCompile Include="getopt.cpp">
      <Filter>Source Files</Filter>
    </ClCompile>
    <ClCompile Include="getopt_long.cpp">
      <Filter>Source Files</Filter>
    </ClCompile>
    <ClCompile Include="Avalanche.cpp">
      <Filter>Source Files</Filter>
    </ClCompile>
    <ClCompile Include="Instance.cpp">
      <Filter>Source Files</Filter>
    </ClCompile>
    <ClCompile Include="login\LoginFlood.cpp">
      <Filter>Source Files\login</Filter>
    </ClCompile>
    <ClCompile Include="login\LoginMethod.cpp">
      <Filter>Source Files\login</Filter>
    </ClCompile>
    <ClCompile Include="login\LoginSequential.cpp">
      <Filter>Source Files\login</Filter>
    </ClCompile>
    <ClCompile Include="login\generator\IncrementalGenerator.cpp">
      <Filter>Source Files\login\generator</Filter>
    </ClCompile>
    <ClCompile Include="login\generator\RandomGenerator.cpp">
      <Filter>Source Files\login\generator</Filter>
    </ClCompile>
    <ClCompile Include="login\Authenticator.cpp">
      <Filter>Source Files\login</Filter>
    </ClCompile>
    <ClCompile Include="login\generator\MultiTokenGenerator.cpp">
      <Filter>Source Files\login\generator</Filter>
    </ClCompile>
    <ClCompile Include="login\generator\MultiUserGenerator.cpp">
      <Filter>Source Files\login\generator</Filter>
    </ClCompile>
    <ClCompile Include="behavior\attack\AttackBookEdit.cpp">
      <Filter>Source Files\behavior\attack</Filter>
    </ClCompile>
    <ClCompile Include="behavior\attack\AttackCreativeWorldLag.cpp">
      <Filter>Source Files\behavior\attack</Filter>
    </ClCompile>
    <ClCompile Include="behavior\attack\AttackInteract.cpp">
      <Filter>Source Files\behavior\attack</Filter>
    </ClCompile>
    <ClCompile Include="behavior\Behavior.cpp">
      <Filter>Source Files\behavior</Filter>
    </ClCompile>
    <ClCompile Include="behavior\BehaviorDelay.cpp">
      <Filter>Source Files\behavior</Filter>
    </ClCompile>
    <ClCompile Include="behavior\BehaviorMessage.cpp">
      <Filter>Source Files\behavior</Filter>
    </ClCompile>
    <ClCompile Include="behavior\BehaviorSequence.cpp">
      <Filter>Source Files\behavior</Filter>
    </ClCompile>
    <ClCompile Include="behavior\BehaviorSneak.cpp">
      <Filter>Source Files\behavior</Filter>
    </ClCompile>
    <ClCompile Include="behavior\BehaviorSwing.cpp">
      <Filter>Source Files\behavior</Filter>
    </ClCompile>
    <ClCompile Include="VersionDetector.cpp">
      <Filter>Source Files</Filter>
    </ClCompile>
    <ClCompile Include="behavior\attack\AttackRecipe.cpp">
      <Filter>Source Files</Filter>
    </ClCompile>
  </ItemGroup>
  <ItemGroup>
    <ClInclude Include="getopt.h">
      <Filter>Header Files</Filter>
    </ClInclude>
    <ClInclude Include="Instance.h">
      <Filter>Header Files</Filter>
    </ClInclude>
    <ClInclude Include="Avalanche.h">
      <Filter>Header Files</Filter>
    </ClInclude>
    <ClInclude Include="login\LoginFlood.h">
      <Filter>Header Files\login</Filter>
    </ClInclude>
    <ClInclude Include="login\LoginMethod.h">
      <Filter>Header Files\login</Filter>
    </ClInclude>
    <ClInclude Include="login\LoginSequential.h">
      <Filter>Header Files\login</Filter>
    </ClInclude>
    <ClInclude Include="PositionProvider.h">
      <Filter>Header Files</Filter>
    </ClInclude>
    <ClInclude Include="Factory.h">
      <Filter>Header Files</Filter>
    </ClInclude>
    <ClInclude Include="login\generator\AuthGenerator.h">
      <Filter>Header Files\login\generator</Filter>
    </ClInclude>
    <ClInclude Include="login\generator\IncrementalGenerator.h">
      <Filter>Header Files\login\generator</Filter>
    </ClInclude>
    <ClInclude Include="login\generator\MultiTokenGenerator.h">
      <Filter>Header Files\login\generator</Filter>
    </ClInclude>
    <ClInclude Include="login\generator\MultiUserGenerator.h">
      <Filter>Header Files\login\generator</Filter>
    </ClInclude>
    <ClInclude Include="login\generator\RandomGenerator.h">
      <Filter>Header Files\login\generator</Filter>
    </ClInclude>
    <ClInclude Include="login\Authenticator.h">
      <Filter>Header Files\login</Filter>
    </ClInclude>
    <ClInclude Include="behavior\attack\AttackBookEdit.h">
      <Filter>Header Files\behavior\attack</Filter>
    </ClInclude>
    <ClInclude Include="behavior\attack\AttackCreativeWorldLag.h">
      <Filter>Header Files\behavior\attack</Filter>
    </ClInclude>
    <ClInclude Include="behavior\attack\AttackInteract.h">
      <Filter>Header Files\behavior\attack</Filter>
    </ClInclude>
    <ClInclude Include="behavior\BehaviorDelay.h">
      <Filter>Header Files\behavior</Filter>
    </ClInclude>
    <ClInclude Include="behavior\BehaviorMessage.h">
      <Filter>Header Files\behavior</Filter>
    </ClInclude>
    <ClInclude Include="behavior\BehaviorSequence.h">
      <Filter>Header Files\behavior</Filter>
    </ClInclude>
    <ClInclude Include="behavior\Behavior.h">
      <Filter>Header Files\behavior</Filter>
    </ClInclude>
    <ClInclude Include="behavior\BehaviorSwing.h">
      <Filter>Header Files\behavior</Filter>
    </ClInclude>
    <ClInclude Include="behavior\BehaviorSneak.h">
      <Filter>Header Files\behavior</Filter>
    </ClInclude>
    <ClInclude Include="VersionDetector.h">
      <Filter>Header Files</Filter>
    </ClInclude>
    <ClInclude Include="behavior\attack\AttackRecipe.h">
      <Filter>Header Files</Filter>
    </ClInclude>
  </ItemGroup>
</Project>